
Microsoft Visual Studio Solution File, Format Version 12.00
# Visual Studio Version 17
VisualStudioVersion = 17.9.34622.214
MinimumVisualStudioVersion = 10.0.40219.1
Project("{FAE04EC0-301F-11D3-BF4B-00C04F79EFBC}") = "ExercicioArquivos", "ExercicioArquivos.csproj", "{918541A2-802C-48AE-A8CB-FFCE4BBE97A4}"
EndProject
Global
	GlobalSection(SolutionConfigurationPlatforms) = preSolution
		Debug|Any CPU = Debug|Any CPU
		Release|Any CPU = Release|Any CPU
	EndGlobalSection
	GlobalSection(ProjectConfigurationPlatforms) = postSolution
		{918541A2-802C-48AE-A8CB-FFCE4BBE97A4}.Debug|Any CPU.ActiveCfg = Debug|Any CPU
		{918541A2-802C-48AE-A8CB-FFCE4BBE97A4}.Debug|Any CPU.Build.0 = Debug|Any CPU
		{918541A2-802C-48AE-A8CB-FFCE4BBE97A4}.Release|Any CPU.ActiveCfg = Release|Any CPU
		{918541A2-802C-48AE-A8CB-FFCE4BBE97A4}.Release|Any CPU.Build.0 = Release|Any CPU
	EndGlobalSection
	GlobalSection(SolutionProperties) = preSolution
		HideSolutionNode = FALSE
	EndGlobalSection
	GlobalSection(ExtensibilityGlobals) = postSolution
		SolutionGuid = {EFB2BC51-4DFA-4E91-B24E-867A9DC752B9}
	EndGlobalSection
EndGlobal
