
Microsoft Visual Studio Solution File, Format Version 12.00
# Visual Studio Version 17
VisualStudioVersion = 17.9.34622.214
MinimumVisualStudioVersion = 10.0.40219.1
Project("{FAE04EC0-301F-11D3-BF4B-00C04F79EFBC}") = "contaBancariaTryCatch", "contaBancariaTryCatch.csproj", "{5552E167-E62B-4EC3-83D2-71D597A217C2}"
EndProject
Global
	GlobalSection(SolutionConfigurationPlatforms) = preSolution
		Debug|Any CPU = Debug|Any CPU
		Release|Any CPU = Release|Any CPU
	EndGlobalSection
	GlobalSection(ProjectConfigurationPlatforms) = postSolution
		{5552E167-E62B-4EC3-83D2-71D597A217C2}.Debug|Any CPU.ActiveCfg = Debug|Any CPU
		{5552E167-E62B-4EC3-83D2-71D597A217C2}.Debug|Any CPU.Build.0 = Debug|Any CPU
		{5552E167-E62B-4EC3-83D2-71D597A217C2}.Release|Any CPU.ActiveCfg = Release|Any CPU
		{5552E167-E62B-4EC3-83D2-71D597A217C2}.Release|Any CPU.Build.0 = Release|Any CPU
	EndGlobalSection
	GlobalSection(SolutionProperties) = preSolution
		HideSolutionNode = FALSE
	EndGlobalSection
	GlobalSection(ExtensibilityGlobals) = postSolution
		SolutionGuid = {CFF77819-8C50-4316-A7C3-228F50704A6B}
	EndGlobalSection
EndGlobal
